
Microsoft Visual Studio Solution File, Format Version 12.00
# Visual Studio Version 16
VisualStudioVersion = 16.0.28803.352
MinimumVisualStudioVersion = 10.0.40219.1
Project("{FAE04EC0-301F-11D3-BF4B-00C04F79EFBC}") = "Banco", "Banco\Banco.csproj", "{AEC0B089-478B-4B2C-AB67-08BA0E5C0B90}"
EndProject
Global
	GlobalSection(SolutionConfigurationPlatforms) = preSolution
		Debug|Any CPU = Debug|Any CPU
		Release|Any CPU = Release|Any CPU
	EndGlobalSection
	GlobalSection(ProjectConfigurationPlatforms) = postSolution
		{AEC0B089-478B-4B2C-AB67-08BA0E5C0B90}.Debug|Any CPU.ActiveCfg = Debug|Any CPU
		{AEC0B089-478B-4B2C-AB67-08BA0E5C0B90}.Debug|Any CPU.Build.0 = Debug|Any CPU
		{AEC0B089-478B-4B2C-AB67-08BA0E5C0B90}.Release|Any CPU.ActiveCfg = Release|Any CPU
		{AEC0B089-478B-4B2C-AB67-08BA0E5C0B90}.Release|Any CPU.Build.0 = Release|Any CPU
	EndGlobalSection
	GlobalSection(SolutionProperties) = preSolution
		HideSolutionNode = FALSE
	EndGlobalSection
	GlobalSection(ExtensibilityGlobals) = postSolution
		SolutionGuid = {F4C62E2F-6224-4553-A5C1-CCC61D8E466D}
	EndGlobalSection
EndGlobal
